
Microsoft Visual Studio Solution File, Format Version 12.00
# Visual Studio Version 17
Project("{2150E333-8FDC-42A3-9474-1A3956D46DE8}") = "CMakePredefinedTargets", "CMakePredefinedTargets", "{7C330E07-1DC7-3EA2-BA23-6C2D5F0CC0A0}"
EndProject
Project("{2150E333-8FDC-42A3-9474-1A3956D46DE8}") = "GLFW3", "GLFW3", "{DF6FFC01-8FF2-3727-A856-95CFA184F6F1}"
EndProject
Project("{2150E333-8FDC-42A3-9474-1A3956D46DE8}") = "Examples", "GLFW3\Examples", "{A4744E1E-556C-3FDC-86F8-FD587D6800C7}"
EndProject
Project("{2150E333-8FDC-42A3-9474-1A3956D46DE8}") = "Tests", "GLFW3\Tests", "{CC11B07E-CFA6-35E7-80EA-D86E5825C96D}"
EndProject
Project("{8BC9CEB8-8B4A-11D0-8D11-00A0C91BC942}") = "ALL_BUILD", "ALL_BUILD.vcxproj", "{6EDD1B37-441D-3CD7-B738-EB144485FCCE}"
	ProjectSection(ProjectDependencies) = postProject
		{D6D76A2D-C7DB-31CD-900C-95B249C71758} = {D6D76A2D-C7DB-31CD-900C-95B249C71758}
		{4D83FD5F-1B18-32B2-A163-45BA0019A69A} = {4D83FD5F-1B18-32B2-A163-45BA0019A69A}
		{2D495BCE-F4F2-3BD8-9EB9-53ED358D2B4C} = {2D495BCE-F4F2-3BD8-9EB9-53ED358D2B4C}
		{D4407167-89CC-3CEF-A7F0-2AFD2C40B355} = {D4407167-89CC-3CEF-A7F0-2AFD2C40B355}
		{0F9E93F4-D23E-36A0-B8D1-9B1C185616FC} = {0F9E93F4-D23E-36A0-B8D1-9B1C185616FC}
		{C826EC03-065F-3E34-B9A8-BBCDCBEEB00C} = {C826EC03-065F-3E34-B9A8-BBCDCBEEB00C}
		{EF711BC7-CF86-3680-A16B-CD9C9F657B76} = {EF711BC7-CF86-3680-A16B-CD9C9F657B76}
		{309AC13B-2789-397C-8117-7ED7E63EF51A} = {309AC13B-2789-397C-8117-7ED7E63EF51A}
		{4762D52F-806E-328D-9E7A-8BA4AEFE2538} = {4762D52F-806E-328D-9E7A-8BA4AEFE2538}
		{9DE64C3D-61AB-3C99-A9D4-0908E242D645} = {9DE64C3D-61AB-3C99-A9D4-0908E242D645}
		{AE1C7DCD-6DA4-3867-8CD2-E1BB5B74E608} = {AE1C7DCD-6DA4-3867-8CD2-E1BB5B74E608}
		{B8A86B88-93A2-3C46-BDEE-AD3ADECDA5BE} = {B8A86B88-93A2-3C46-BDEE-AD3ADECDA5BE}
		{E2D090B6-D3E3-3638-93C0-8BAB2588783E} = {E2D090B6-D3E3-3638-93C0-8BAB2588783E}
		{774AD2C3-D34C-3A1A-9476-70E8C959A888} = {774AD2C3-D34C-3A1A-9476-70E8C959A888}
		{65456EB8-75A9-3E3E-9B04-041766A1E78F} = {65456EB8-75A9-3E3E-9B04-041766A1E78F}
		{EE935442-EC7C-351D-A769-2CBB5419D741} = {EE935442-EC7C-351D-A769-2CBB5419D741}
		{58FD3E95-099B-302C-B257-1651B6E21C2D} = {58FD3E95-099B-302C-B257-1651B6E21C2D}
		{7E97D04D-3FD4-3093-AB91-E7DF471AA71A} = {7E97D04D-3FD4-3093-AB91-E7DF471AA71A}
		{DE09CC21-ACFA-32F9-8F11-4FBF16FE3F21} = {DE09CC21-ACFA-32F9-8F11-4FBF16FE3F21}
		{618EE341-2973-3973-9510-613577D92D8C} = {618EE341-2973-3973-9510-613577D92D8C}
		{6DDB3718-4C52-3E1D-92EB-124A6E860F18} = {6DDB3718-4C52-3E1D-92EB-124A6E860F18}
		{3DC48495-EA77-3D39-A02A-E75FF346AF62} = {3DC48495-EA77-3D39-A02A-E75FF346AF62}
		{78A9F59F-885C-34B2-9DDE-046A824E5D37} = {78A9F59F-885C-34B2-9DDE-046A824E5D37}
		{BFD69D47-8B1D-353E-9840-F2C1504009C1} = {BFD69D47-8B1D-353E-9840-F2C1504009C1}
		{C220D08A-BBA7-3AF9-870F-C4997CAB0AD6} = {C220D08A-BBA7-3AF9-870F-C4997CAB0AD6}
		{26BE5484-21EB-33D4-81BB-2AC6C9495F90} = {26BE5484-21EB-33D4-81BB-2AC6C9495F90}
		{FF0AD3C4-DB35-3AA4-B71F-F8D020B941F3} = {FF0AD3C4-DB35-3AA4-B71F-F8D020B941F3}
		{C75E2EB1-FD2E-38B7-917E-75F5E71E80A2} = {C75E2EB1-FD2E-38B7-917E-75F5E71E80A2}
		{9F273E38-6AA4-3EA3-8098-E3B2C97B409E} = {9F273E38-6AA4-3EA3-8098-E3B2C97B409E}
		{DE510117-5674-3085-AC5C-37C024E1373A} = {DE510117-5674-3085-AC5C-37C024E1373A}
		{F758EEE5-48BD-34A4-ABCF-509B0DEC9DAE} = {F758EEE5-48BD-34A4-ABCF-509B0DEC9DAE}
	EndProjectSection
EndProject
Project("{8BC9CEB8-8B4A-11D0-8D11-00A0C91BC942}") = "INSTALL", "INSTALL.vcxproj", "{D4E3FD00-331E-3889-99A8-4030E1B719F5}"
	ProjectSection(ProjectDependencies) = postProject
		{6EDD1B37-441D-3CD7-B738-EB144485FCCE} = {6EDD1B37-441D-3CD7-B738-EB144485FCCE}
		{D6D76A2D-C7DB-31CD-900C-95B249C71758} = {D6D76A2D-C7DB-31CD-900C-95B249C71758}
	EndProjectSection
EndProject
Project("{8BC9CEB8-8B4A-11D0-8D11-00A0C91BC942}") = "ZERO_CHECK", "ZERO_CHECK.vcxproj", "{D6D76A2D-C7DB-31CD-900C-95B249C71758}"
	ProjectSection(ProjectDependencies) = postProject
	EndProjectSection
EndProject
Project("{8BC9CEB8-8B4A-11D0-8D11-00A0C91BC942}") = "boing", "examples\boing.vcxproj", "{4D83FD5F-1B18-32B2-A163-45BA0019A69A}"
	ProjectSection(ProjectDependencies) = postProject
		{D6D76A2D-C7DB-31CD-900C-95B249C71758} = {D6D76A2D-C7DB-31CD-900C-95B249C71758}
		{4762D52F-806E-328D-9E7A-8BA4AEFE2538} = {4762D52F-806E-328D-9E7A-8BA4AEFE2538}
	EndProjectSection
EndProject
Project("{8BC9CEB8-8B4A-11D0-8D11-00A0C91BC942}") = "clipboard", "tests\clipboard.vcxproj", "{2D495BCE-F4F2-3BD8-9EB9-53ED358D2B4C}"
	ProjectSection(ProjectDependencies) = postProject
		{D6D76A2D-C7DB-31CD-900C-95B249C71758} = {D6D76A2D-C7DB-31CD-900C-95B249C71758}
		{4762D52F-806E-328D-9E7A-8BA4AEFE2538} = {4762D52F-806E-328D-9E7A-8BA4AEFE2538}
	EndProjectSection
EndProject
Project("{8BC9CEB8-8B4A-11D0-8D11-00A0C91BC942}") = "cursor", "tests\cursor.vcxproj", "{D4407167-89CC-3CEF-A7F0-2AFD2C40B355}"
	ProjectSection(ProjectDependencies) = postProject
		{D6D76A2D-C7DB-31CD-900C-95B249C71758} = {D6D76A2D-C7DB-31CD-900C-95B249C71758}
		{4762D52F-806E-328D-9E7A-8BA4AEFE2538} = {4762D52F-806E-328D-9E7A-8BA4AEFE2538}
	EndProjectSection
EndProject
Project("{8BC9CEB8-8B4A-11D0-8D11-00A0C91BC942}") = "empty", "tests\empty.vcxproj", "{0F9E93F4-D23E-36A0-B8D1-9B1C185616FC}"
	ProjectSection(ProjectDependencies) = postProject
		{D6D76A2D-C7DB-31CD-900C-95B249C71758} = {D6D76A2D-C7DB-31CD-900C-95B249C71758}
		{4762D52F-806E-328D-9E7A-8BA4AEFE2538} = {4762D52F-806E-328D-9E7A-8BA4AEFE2538}
	EndProjectSection
EndProject
Project("{8BC9CEB8-8B4A-11D0-8D11-00A0C91BC942}") = "events", "tests\events.vcxproj", "{C826EC03-065F-3E34-B9A8-BBCDCBEEB00C}"
	ProjectSection(ProjectDependencies) = postProject
		{D6D76A2D-C7DB-31CD-900C-95B249C71758} = {D6D76A2D-C7DB-31CD-900C-95B249C71758}
		{4762D52F-806E-328D-9E7A-8BA4AEFE2538} = {4762D52F-806E-328D-9E7A-8BA4AEFE2538}
	EndProjectSection
EndProject
Project("{8BC9CEB8-8B4A-11D0-8D11-00A0C91BC942}") = "gamma", "tests\gamma.vcxproj", "{EF711BC7-CF86-3680-A16B-CD9C9F657B76}"
	ProjectSection(ProjectDependencies) = postProject
		{D6D76A2D-C7DB-31CD-900C-95B249C71758} = {D6D76A2D-C7DB-31CD-900C-95B249C71758}
		{4762D52F-806E-328D-9E7A-8BA4AEFE2538} = {4762D52F-806E-328D-9E7A-8BA4AEFE2538}
	EndProjectSection
EndProject
Project("{8BC9CEB8-8B4A-11D0-8D11-00A0C91BC942}") = "gears", "examples\gears.vcxproj", "{309AC13B-2789-397C-8117-7ED7E63EF51A}"
	ProjectSection(ProjectDependencies) = postProject
		{D6D76A2D-C7DB-31CD-900C-95B249C71758} = {D6D76A2D-C7DB-31CD-900C-95B249C71758}
		{4762D52F-806E-328D-9E7A-8BA4AEFE2538} = {4762D52F-806E-328D-9E7A-8BA4AEFE2538}
	EndProjectSection
EndProject
Project("{8BC9CEB8-8B4A-11D0-8D11-00A0C91BC942}") = "glfw", "src\glfw.vcxproj", "{4762D52F-806E-328D-9E7A-8BA4AEFE2538}"
	ProjectSection(ProjectDependencies) = postProject
		{D6D76A2D-C7DB-31CD-900C-95B249C71758} = {D6D76A2D-C7DB-31CD-900C-95B249C71758}
	EndProjectSection
EndProject
Project("{8BC9CEB8-8B4A-11D0-8D11-00A0C91BC942}") = "glfwinfo", "tests\glfwinfo.vcxproj", "{9DE64C3D-61AB-3C99-A9D4-0908E242D645}"
	ProjectSection(ProjectDependencies) = postProject
		{D6D76A2D-C7DB-31CD-900C-95B249C71758} = {D6D76A2D-C7DB-31CD-900C-95B249C71758}
		{4762D52F-806E-328D-9E7A-8BA4AEFE2538} = {4762D52F-806E-328D-9E7A-8BA4AEFE2538}
	EndProjectSection
EndProject
Project("{8BC9CEB8-8B4A-11D0-8D11-00A0C91BC942}") = "heightmap", "examples\heightmap.vcxproj", "{AE1C7DCD-6DA4-3867-8CD2-E1BB5B74E608}"
	ProjectSection(ProjectDependencies) = postProject
		{D6D76A2D-C7DB-31CD-900C-95B249C71758} = {D6D76A2D-C7DB-31CD-900C-95B249C71758}
		{4762D52F-806E-328D-9E7A-8BA4AEFE2538} = {4762D52F-806E-328D-9E7A-8BA4AEFE2538}
	EndProjectSection
EndProject
Project("{8BC9CEB8-8B4A-11D0-8D11-00A0C91BC942}") = "icon", "tests\icon.vcxproj", "{B8A86B88-93A2-3C46-BDEE-AD3ADECDA5BE}"
	ProjectSection(ProjectDependencies) = postProject
		{D6D76A2D-C7DB-31CD-900C-95B249C71758} = {D6D76A2D-C7DB-31CD-900C-95B249C71758}
		{4762D52F-806E-328D-9E7A-8BA4AEFE2538} = {4762D52F-806E-328D-9E7A-8BA4AEFE2538}
	EndProjectSection
EndProject
Project("{8BC9CEB8-8B4A-11D0-8D11-00A0C91BC942}") = "iconify", "tests\iconify.vcxproj", "{E2D090B6-D3E3-3638-93C0-8BAB2588783E}"
	ProjectSection(ProjectDependencies) = postProject
		{D6D76A2D-C7DB-31CD-900C-95B249C71758} = {D6D76A2D-C7DB-31CD-900C-95B249C71758}
		{4762D52F-806E-328D-9E7A-8BA4AEFE2538} = {4762D52F-806E-328D-9E7A-8BA4AEFE2538}
	EndProjectSection
EndProject
Project("{8BC9CEB8-8B4A-11D0-8D11-00A0C91BC942}") = "inputlag", "tests\inputlag.vcxproj", "{774AD2C3-D34C-3A1A-9476-70E8C959A888}"
	ProjectSection(ProjectDependencies) = postProject
		{D6D76A2D-C7DB-31CD-900C-95B249C71758} = {D6D76A2D-C7DB-31CD-900C-95B249C71758}
		{4762D52F-806E-328D-9E7A-8BA4AEFE2538} = {4762D52F-806E-328D-9E7A-8BA4AEFE2538}
	EndProjectSection
EndProject
Project("{8BC9CEB8-8B4A-11D0-8D11-00A0C91BC942}") = "joysticks", "tests\joysticks.vcxproj", "{65456EB8-75A9-3E3E-9B04-041766A1E78F}"
	ProjectSection(ProjectDependencies) = postProject
		{D6D76A2D-C7DB-31CD-900C-95B249C71758} = {D6D76A2D-C7DB-31CD-900C-95B249C71758}
		{4762D52F-806E-328D-9E7A-8BA4AEFE2538} = {4762D52F-806E-328D-9E7A-8BA4AEFE2538}
	EndProjectSection
EndProject
Project("{8BC9CEB8-8B4A-11D0-8D11-00A0C91BC942}") = "monitors", "tests\monitors.vcxproj", "{EE935442-EC7C-351D-A769-2CBB5419D741}"
	ProjectSection(ProjectDependencies) = postProject
		{D6D76A2D-C7DB-31CD-900C-95B249C71758} = {D6D76A2D-C7DB-31CD-900C-95B249C71758}
		{4762D52F-806E-328D-9E7A-8BA4AEFE2538} = {4762D52F-806E-328D-9E7A-8BA4AEFE2538}
	EndProjectSection
EndProject
Project("{8BC9CEB8-8B4A-11D0-8D11-00A0C91BC942}") = "msaa", "tests\msaa.vcxproj", "{58FD3E95-099B-302C-B257-1651B6E21C2D}"
	ProjectSection(ProjectDependencies) = postProject
		{D6D76A2D-C7DB-31CD-900C-95B249C71758} = {D6D76A2D-C7DB-31CD-900C-95B249C71758}
		{4762D52F-806E-328D-9E7A-8BA4AEFE2538} = {4762D52F-806E-328D-9E7A-8BA4AEFE2538}
	EndProjectSection
EndProject
Project("{8BC9CEB8-8B4A-11D0-8D11-00A0C91BC942}") = "offscreen", "examples\offscreen.vcxproj", "{7E97D04D-3FD4-3093-AB91-E7DF471AA71A}"
	ProjectSection(ProjectDependencies) = postProject
		{D6D76A2D-C7DB-31CD-900C-95B249C71758} = {D6D76A2D-C7DB-31CD-900C-95B249C71758}
		{4762D52F-806E-328D-9E7A-8BA4AEFE2538} = {4762D52F-806E-328D-9E7A-8BA4AEFE2538}
	EndProjectSection
EndProject
Project("{8BC9CEB8-8B4A-11D0-8D11-00A0C91BC942}") = "opacity", "tests\opacity.vcxproj", "{DE09CC21-ACFA-32F9-8F11-4FBF16FE3F21}"
	ProjectSection(ProjectDependencies) = postProject
		{D6D76A2D-C7DB-31CD-900C-95B249C71758} = {D6D76A2D-C7DB-31CD-900C-95B249C71758}
		{4762D52F-806E-328D-9E7A-8BA4AEFE2538} = {4762D52F-806E-328D-9E7A-8BA4AEFE2538}
	EndProjectSection
EndProject
Project("{8BC9CEB8-8B4A-11D0-8D11-00A0C91BC942}") = "particles", "examples\particles.vcxproj", "{618EE341-2973-3973-9510-613577D92D8C}"
	ProjectSection(ProjectDependencies) = postProject
		{D6D76A2D-C7DB-31CD-900C-95B249C71758} = {D6D76A2D-C7DB-31CD-900C-95B249C71758}
		{4762D52F-806E-328D-9E7A-8BA4AEFE2538} = {4762D52F-806E-328D-9E7A-8BA4AEFE2538}
	EndProjectSection
EndProject
Project("{8BC9CEB8-8B4A-11D0-8D11-00A0C91BC942}") = "reopen", "tests\reopen.vcxproj", "{6DDB3718-4C52-3E1D-92EB-124A6E860F18}"
	ProjectSection(ProjectDependencies) = postProject
		{D6D76A2D-C7DB-31CD-900C-95B249C71758} = {D6D76A2D-C7DB-31CD-900C-95B249C71758}
		{4762D52F-806E-328D-9E7A-8BA4AEFE2538} = {4762D52F-806E-328D-9E7A-8BA4AEFE2538}
	EndProjectSection
EndProject
Project("{8BC9CEB8-8B4A-11D0-8D11-00A0C91BC942}") = "sharing", "examples\sharing.vcxproj", "{3DC48495-EA77-3D39-A02A-E75FF346AF62}"
	ProjectSection(ProjectDependencies) = postProject
		{D6D76A2D-C7DB-31CD-900C-95B249C71758} = {D6D76A2D-C7DB-31CD-900C-95B249C71758}
		{4762D52F-806E-328D-9E7A-8BA4AEFE2538} = {4762D52F-806E-328D-9E7A-8BA4AEFE2538}
	EndProjectSection
EndProject
Project("{8BC9CEB8-8B4A-11D0-8D11-00A0C91BC942}") = "simple", "examples\simple.vcxproj", "{78A9F59F-885C-34B2-9DDE-046A824E5D37}"
	ProjectSection(ProjectDependencies) = postProject
		{D6D76A2D-C7DB-31CD-900C-95B249C71758} = {D6D76A2D-C7DB-31CD-900C-95B249C71758}
		{4762D52F-806E-328D-9E7A-8BA4AEFE2538} = {4762D52F-806E-328D-9E7A-8BA4AEFE2538}
	EndProjectSection
EndProject
Project("{8BC9CEB8-8B4A-11D0-8D11-00A0C91BC942}") = "splitview", "examples\splitview.vcxproj", "{BFD69D47-8B1D-353E-9840-F2C1504009C1}"
	ProjectSection(ProjectDependencies) = postProject
		{D6D76A2D-C7DB-31CD-900C-95B249C71758} = {D6D76A2D-C7DB-31CD-900C-95B249C71758}
		{4762D52F-806E-328D-9E7A-8BA4AEFE2538} = {4762D52F-806E-328D-9E7A-8BA4AEFE2538}
	EndProjectSection
EndProject
Project("{8BC9CEB8-8B4A-11D0-8D11-00A0C91BC942}") = "tearing", "tests\tearing.vcxproj", "{C220D08A-BBA7-3AF9-870F-C4997CAB0AD6}"
	ProjectSection(ProjectDependencies) = postProject
		{D6D76A2D-C7DB-31CD-900C-95B249C71758} = {D6D76A2D-C7DB-31CD-900C-95B249C71758}
		{4762D52F-806E-328D-9E7A-8BA4AEFE2538} = {4762D52F-806E-328D-9E7A-8BA4AEFE2538}
	EndProjectSection
EndProject
Project("{8BC9CEB8-8B4A-11D0-8D11-00A0C91BC942}") = "threads", "tests\threads.vcxproj", "{26BE5484-21EB-33D4-81BB-2AC6C9495F90}"
	ProjectSection(ProjectDependencies) = postProject
		{D6D76A2D-C7DB-31CD-900C-95B249C71758} = {D6D76A2D-C7DB-31CD-900C-95B249C71758}
		{4762D52F-806E-328D-9E7A-8BA4AEFE2538} = {4762D52F-806E-328D-9E7A-8BA4AEFE2538}
	EndProjectSection
EndProject
Project("{8BC9CEB8-8B4A-11D0-8D11-00A0C91BC942}") = "timeout", "tests\timeout.vcxproj", "{FF0AD3C4-DB35-3AA4-B71F-F8D020B941F3}"
	ProjectSection(ProjectDependencies) = postProject
		{D6D76A2D-C7DB-31CD-900C-95B249C71758} = {D6D76A2D-C7DB-31CD-900C-95B249C71758}
		{4762D52F-806E-328D-9E7A-8BA4AEFE2538} = {4762D52F-806E-328D-9E7A-8BA4AEFE2538}
	EndProjectSection
EndProject
Project("{8BC9CEB8-8B4A-11D0-8D11-00A0C91BC942}") = "title", "tests\title.vcxproj", "{C75E2EB1-FD2E-38B7-917E-75F5E71E80A2}"
	ProjectSection(ProjectDependencies) = postProject
		{D6D76A2D-C7DB-31CD-900C-95B249C71758} = {D6D76A2D-C7DB-31CD-900C-95B249C71758}
		{4762D52F-806E-328D-9E7A-8BA4AEFE2538} = {4762D52F-806E-328D-9E7A-8BA4AEFE2538}
	EndProjectSection
EndProject
Project("{8BC9CEB8-8B4A-11D0-8D11-00A0C91BC942}") = "triangle-vulkan", "tests\triangle-vulkan.vcxproj", "{9F273E38-6AA4-3EA3-8098-E3B2C97B409E}"
	ProjectSection(ProjectDependencies) = postProject
		{D6D76A2D-C7DB-31CD-900C-95B249C71758} = {D6D76A2D-C7DB-31CD-900C-95B249C71758}
		{4762D52F-806E-328D-9E7A-8BA4AEFE2538} = {4762D52F-806E-328D-9E7A-8BA4AEFE2538}
	EndProjectSection
EndProject
Project("{8BC9CEB8-8B4A-11D0-8D11-00A0C91BC942}") = "uninstall", "uninstall.vcxproj", "{807EE7C2-0BE0-34B6-932D-C37F41D299F7}"
	ProjectSection(ProjectDependencies) = postProject
		{D6D76A2D-C7DB-31CD-900C-95B249C71758} = {D6D76A2D-C7DB-31CD-900C-95B249C71758}
	EndProjectSection
EndProject
Project("{8BC9CEB8-8B4A-11D0-8D11-00A0C91BC942}") = "update_mappings", "src\update_mappings.vcxproj", "{A7AA5D63-0249-3295-8B2D-9698E47CEB63}"
	ProjectSection(ProjectDependencies) = postProject
		{D6D76A2D-C7DB-31CD-900C-95B249C71758} = {D6D76A2D-C7DB-31CD-900C-95B249C71758}
	EndProjectSection
EndProject
Project("{8BC9CEB8-8B4A-11D0-8D11-00A0C91BC942}") = "wave", "examples\wave.vcxproj", "{DE510117-5674-3085-AC5C-37C024E1373A}"
	ProjectSection(ProjectDependencies) = postProject
		{D6D76A2D-C7DB-31CD-900C-95B249C71758} = {D6D76A2D-C7DB-31CD-900C-95B249C71758}
		{4762D52F-806E-328D-9E7A-8BA4AEFE2538} = {4762D52F-806E-328D-9E7A-8BA4AEFE2538}
	EndProjectSection
EndProject
Project("{8BC9CEB8-8B4A-11D0-8D11-00A0C91BC942}") = "windows", "tests\windows.vcxproj", "{F758EEE5-48BD-34A4-ABCF-509B0DEC9DAE}"
	ProjectSection(ProjectDependencies) = postProject
		{D6D76A2D-C7DB-31CD-900C-95B249C71758} = {D6D76A2D-C7DB-31CD-900C-95B249C71758}
		{4762D52F-806E-328D-9E7A-8BA4AEFE2538} = {4762D52F-806E-328D-9E7A-8BA4AEFE2538}
	EndProjectSection
EndProject
Global
	GlobalSection(SolutionConfigurationPlatforms) = preSolution
		Debug|x64 = Debug|x64
		Release|x64 = Release|x64
		MinSizeRel|x64 = MinSizeRel|x64
		RelWithDebInfo|x64 = RelWithDebInfo|x64
	EndGlobalSection
	GlobalSection(ProjectConfigurationPlatforms) = postSolution
		{6EDD1B37-441D-3CD7-B738-EB144485FCCE}.Debug|x64.ActiveCfg = Debug|x64
		{6EDD1B37-441D-3CD7-B738-EB144485FCCE}.Debug|x64.Build.0 = Debug|x64
		{6EDD1B37-441D-3CD7-B738-EB144485FCCE}.Release|x64.ActiveCfg = Release|x64
		{6EDD1B37-441D-3CD7-B738-EB144485FCCE}.Release|x64.Build.0 = Release|x64
		{6EDD1B37-441D-3CD7-B738-EB144485FCCE}.MinSizeRel|x64.ActiveCfg = MinSizeRel|x64
		{6EDD1B37-441D-3CD7-B738-EB144485FCCE}.MinSizeRel|x64.Build.0 = MinSizeRel|x64
		{6EDD1B37-441D-3CD7-B738-EB144485FCCE}.RelWithDebInfo|x64.ActiveCfg = RelWithDebInfo|x64
		{6EDD1B37-441D-3CD7-B738-EB144485FCCE}.RelWithDebInfo|x64.Build.0 = RelWithDebInfo|x64
		{D4E3FD00-331E-3889-99A8-4030E1B719F5}.Debug|x64.ActiveCfg = Debug|x64
		{D4E3FD00-331E-3889-99A8-4030E1B719F5}.Release|x64.ActiveCfg = Release|x64
		{D4E3FD00-331E-3889-99A8-4030E1B719F5}.MinSizeRel|x64.ActiveCfg = MinSizeRel|x64
		{D4E3FD00-331E-3889-99A8-4030E1B719F5}.RelWithDebInfo|x64.ActiveCfg = RelWithDebInfo|x64
		{D6D76A2D-C7DB-31CD-900C-95B249C71758}.Debug|x64.ActiveCfg = Debug|x64
		{D6D76A2D-C7DB-31CD-900C-95B249C71758}.Debug|x64.Build.0 = Debug|x64
		{D6D76A2D-C7DB-31CD-900C-95B249C71758}.Release|x64.ActiveCfg = Release|x64
		{D6D76A2D-C7DB-31CD-900C-95B249C71758}.Release|x64.Build.0 = Release|x64
		{D6D76A2D-C7DB-31CD-900C-95B249C71758}.MinSizeRel|x64.ActiveCfg = MinSizeRel|x64
		{D6D76A2D-C7DB-31CD-900C-95B249C71758}.MinSizeRel|x64.Build.0 = MinSizeRel|x64
		{D6D76A2D-C7DB-31CD-900C-95B249C71758}.RelWithDebInfo|x64.ActiveCfg = RelWithDebInfo|x64
		{D6D76A2D-C7DB-31CD-900C-95B249C71758}.RelWithDebInfo|x64.Build.0 = RelWithDebInfo|x64
		{4D83FD5F-1B18-32B2-A163-45BA0019A69A}.Debug|x64.ActiveCfg = Debug|x64
		{4D83FD5F-1B18-32B2-A163-45BA0019A69A}.Debug|x64.Build.0 = Debug|x64
		{4D83FD5F-1B18-32B2-A163-45BA0019A69A}.Release|x64.ActiveCfg = Release|x64
		{4D83FD5F-1B18-32B2-A163-45BA0019A69A}.Release|x64.Build.0 = Release|x64
		{4D83FD5F-1B18-32B2-A163-45BA0019A69A}.MinSizeRel|x64.ActiveCfg = MinSizeRel|x64
		{4D83FD5F-1B18-32B2-A163-45BA0019A69A}.MinSizeRel|x64.Build.0 = MinSizeRel|x64
		{4D83FD5F-1B18-32B2-A163-45BA0019A69A}.RelWithDebInfo|x64.ActiveCfg = RelWithDebInfo|x64
		{4D83FD5F-1B18-32B2-A163-45BA0019A69A}.RelWithDebInfo|x64.Build.0 = RelWithDebInfo|x64
		{2D495BCE-F4F2-3BD8-9EB9-53ED358D2B4C}.Debug|x64.ActiveCfg = Debug|x64
		{2D495BCE-F4F2-3BD8-9EB9-53ED358D2B4C}.Debug|x64.Build.0 = Debug|x64
		{2D495BCE-F4F2-3BD8-9EB9-53ED358D2B4C}.Release|x64.ActiveCfg = Release|x64
		{2D495BCE-F4F2-3BD8-9EB9-53ED358D2B4C}.Release|x64.Build.0 = Release|x64
		{2D495BCE-F4F2-3BD8-9EB9-53ED358D2B4C}.MinSizeRel|x64.ActiveCfg = MinSizeRel|x64
		{2D495BCE-F4F2-3BD8-9EB9-53ED358D2B4C}.MinSizeRel|x64.Build.0 = MinSizeRel|x64
		{2D495BCE-F4F2-3BD8-9EB9-53ED358D2B4C}.RelWithDebInfo|x64.ActiveCfg = RelWithDebInfo|x64
		{2D495BCE-F4F2-3BD8-9EB9-53ED358D2B4C}.RelWithDebInfo|x64.Build.0 = RelWithDebInfo|x64
		{D4407167-89CC-3CEF-A7F0-2AFD2C40B355}.Debug|x64.ActiveCfg = Debug|x64
		{D4407167-89CC-3CEF-A7F0-2AFD2C40B355}.Debug|x64.Build.0 = Debug|x64
		{D4407167-89CC-3CEF-A7F0-2AFD2C40B355}.Release|x64.ActiveCfg = Release|x64
		{D4407167-89CC-3CEF-A7F0-2AFD2C40B355}.Release|x64.Build.0 = Release|x64
		{D4407167-89CC-3CEF-A7F0-2AFD2C40B355}.MinSizeRel|x64.ActiveCfg = MinSizeRel|x64
		{D4407167-89CC-3CEF-A7F0-2AFD2C40B355}.MinSizeRel|x64.Build.0 = MinSizeRel|x64
		{D4407167-89CC-3CEF-A7F0-2AFD2C40B355}.RelWithDebInfo|x64.ActiveCfg = RelWithDebInfo|x64
		{D4407167-89CC-3CEF-A7F0-2AFD2C40B355}.RelWithDebInfo|x64.Build.0 = RelWithDebInfo|x64
		{0F9E93F4-D23E-36A0-B8D1-9B1C185616FC}.Debug|x64.ActiveCfg = Debug|x64
		{0F9E93F4-D23E-36A0-B8D1-9B1C185616FC}.Debug|x64.Build.0 = Debug|x64
		{0F9E93F4-D23E-36A0-B8D1-9B1C185616FC}.Release|x64.ActiveCfg = Release|x64
		{0F9E93F4-D23E-36A0-B8D1-9B1C185616FC}.Release|x64.Build.0 = Release|x64
		{0F9E93F4-D23E-36A0-B8D1-9B1C185616FC}.MinSizeRel|x64.ActiveCfg = MinSizeRel|x64
		{0F9E93F4-D23E-36A0-B8D1-9B1C185616FC}.MinSizeRel|x64.Build.0 = MinSizeRel|x64
		{0F9E93F4-D23E-36A0-B8D1-9B1C185616FC}.RelWithDebInfo|x64.ActiveCfg = RelWithDebInfo|x64
		{0F9E93F4-D23E-36A0-B8D1-9B1C185616FC}.RelWithDebInfo|x64.Build.0 = RelWithDebInfo|x64
		{C826EC03-065F-3E34-B9A8-BBCDCBEEB00C}.Debug|x64.ActiveCfg = Debug|x64
		{C826EC03-065F-3E34-B9A8-BBCDCBEEB00C}.Debug|x64.Build.0 = Debug|x64
		{C826EC03-065F-3E34-B9A8-BBCDCBEEB00C}.Release|x64.ActiveCfg = Release|x64
		{C826EC03-065F-3E34-B9A8-BBCDCBEEB00C}.Release|x64.Build.0 = Release|x64
		{C826EC03-065F-3E34-B9A8-BBCDCBEEB00C}.MinSizeRel|x64.ActiveCfg = MinSizeRel|x64
		{C826EC03-065F-3E34-B9A8-BBCDCBEEB00C}.MinSizeRel|x64.Build.0 = MinSizeRel|x64
		{C826EC03-065F-3E34-B9A8-BBCDCBEEB00C}.RelWithDebInfo|x64.ActiveCfg = RelWithDebInfo|x64
		{C826EC03-065F-3E34-B9A8-BBCDCBEEB00C}.RelWithDebInfo|x64.Build.0 = RelWithDebInfo|x64
		{EF711BC7-CF86-3680-A16B-CD9C9F657B76}.Debug|x64.ActiveCfg = Debug|x64
		{EF711BC7-CF86-3680-A16B-CD9C9F657B76}.Debug|x64.Build.0 = Debug|x64
		{EF711BC7-CF86-3680-A16B-CD9C9F657B76}.Release|x64.ActiveCfg = Release|x64
		{EF711BC7-CF86-3680-A16B-CD9C9F657B76}.Release|x64.Build.0 = Release|x64
		{EF711BC7-CF86-3680-A16B-CD9C9F657B76}.MinSizeRel|x64.ActiveCfg = MinSizeRel|x64
		{EF711BC7-CF86-3680-A16B-CD9C9F657B76}.MinSizeRel|x64.Build.0 = MinSizeRel|x64
		{EF711BC7-CF86-3680-A16B-CD9C9F657B76}.RelWithDebInfo|x64.ActiveCfg = RelWithDebInfo|x64
		{EF711BC7-CF86-3680-A16B-CD9C9F657B76}.RelWithDebInfo|x64.Build.0 = RelWithDebInfo|x64
		{309AC13B-2789-397C-8117-7ED7E63EF51A}.Debug|x64.ActiveCfg = Debug|x64
		{309AC13B-2789-397C-8117-7ED7E63EF51A}.Debug|x64.Build.0 = Debug|x64
		{309AC13B-2789-397C-8117-7ED7E63EF51A}.Release|x64.ActiveCfg = Release|x64
		{309AC13B-2789-397C-8117-7ED7E63EF51A}.Release|x64.Build.0 = Release|x64
		{309AC13B-2789-397C-8117-7ED7E63EF51A}.MinSizeRel|x64.ActiveCfg = MinSizeRel|x64
		{309AC13B-2789-397C-8117-7ED7E63EF51A}.MinSizeRel|x64.Build.0 = MinSizeRel|x64
		{309AC13B-2789-397C-8117-7ED7E63EF51A}.RelWithDebInfo|x64.ActiveCfg = RelWithDebInfo|x64
		{309AC13B-2789-397C-8117-7ED7E63EF51A}.RelWithDebInfo|x64.Build.0 = RelWithDebInfo|x64
		{4762D52F-806E-328D-9E7A-8BA4AEFE2538}.Debug|x64.ActiveCfg = Debug|x64
		{4762D52F-806E-328D-9E7A-8BA4AEFE2538}.Debug|x64.Build.0 = Debug|x64
		{4762D52F-806E-328D-9E7A-8BA4AEFE2538}.Release|x64.ActiveCfg = Release|x64
		{4762D52F-806E-328D-9E7A-8BA4AEFE2538}.Release|x64.Build.0 = Release|x64
		{4762D52F-806E-328D-9E7A-8BA4AEFE2538}.MinSizeRel|x64.ActiveCfg = MinSizeRel|x64
		{4762D52F-806E-328D-9E7A-8BA4AEFE2538}.MinSizeRel|x64.Build.0 = MinSizeRel|x64
		{4762D52F-806E-328D-9E7A-8BA4AEFE2538}.RelWithDebInfo|x64.ActiveCfg = RelWithDebInfo|x64
		{4762D52F-806E-328D-9E7A-8BA4AEFE2538}.RelWithDebInfo|x64.Build.0 = RelWithDebInfo|x64
		{9DE64C3D-61AB-3C99-A9D4-0908E242D645}.Debug|x64.ActiveCfg = Debug|x64
		{9DE64C3D-61AB-3C99-A9D4-0908E242D645}.Debug|x64.Build.0 = Debug|x64
		{9DE64C3D-61AB-3C99-A9D4-0908E242D645}.Release|x64.ActiveCfg = Release|x64
		{9DE64C3D-61AB-3C99-A9D4-0908E242D645}.Release|x64.Build.0 = Release|x64
		{9DE64C3D-61AB-3C99-A9D4-0908E242D645}.MinSizeRel|x64.ActiveCfg = MinSizeRel|x64
		{9DE64C3D-61AB-3C99-A9D4-0908E242D645}.MinSizeRel|x64.Build.0 = MinSizeRel|x64
		{9DE64C3D-61AB-3C99-A9D4-0908E242D645}.RelWithDebInfo|x64.ActiveCfg = RelWithDebInfo|x64
		{9DE64C3D-61AB-3C99-A9D4-0908E242D645}.RelWithDebInfo|x64.Build.0 = RelWithDebInfo|x64
		{AE1C7DCD-6DA4-3867-8CD2-E1BB5B74E608}.Debug|x64.ActiveCfg = Debug|x64
		{AE1C7DCD-6DA4-3867-8CD2-E1BB5B74E608}.Debug|x64.Build.0 = Debug|x64
		{AE1C7DCD-6DA4-3867-8CD2-E1BB5B74E608}.Release|x64.ActiveCfg = Release|x64
		{AE1C7DCD-6DA4-3867-8CD2-E1BB5B74E608}.Release|x64.Build.0 = Release|x64
		{AE1C7DCD-6DA4-3867-8CD2-E1BB5B74E608}.MinSizeRel|x64.ActiveCfg = MinSizeRel|x64
		{AE1C7DCD-6DA4-3867-8CD2-E1BB5B74E608}.MinSizeRel|x64.Build.0 = MinSizeRel|x64
		{AE1C7DCD-6DA4-3867-8CD2-E1BB5B74E608}.RelWithDebInfo|x64.ActiveCfg = RelWithDebInfo|x64
		{AE1C7DCD-6DA4-3867-8CD2-E1BB5B74E608}.RelWithDebInfo|x64.Build.0 = RelWithDebInfo|x64
		{B8A86B88-93A2-3C46-BDEE-AD3ADECDA5BE}.Debug|x64.ActiveCfg = Debug|x64
		{B8A86B88-93A2-3C46-BDEE-AD3ADECDA5BE}.Debug|x64.Build.0 = Debug|x64
		{B8A86B88-93A2-3C46-BDEE-AD3ADECDA5BE}.Release|x64.ActiveCfg = Release|x64
		{B8A86B88-93A2-3C46-BDEE-AD3ADECDA5BE}.Release|x64.Build.0 = Release|x64
		{B8A86B88-93A2-3C46-BDEE-AD3ADECDA5BE}.MinSizeRel|x64.ActiveCfg = MinSizeRel|x64
		{B8A86B88-93A2-3C46-BDEE-AD3ADECDA5BE}.MinSizeRel|x64.Build.0 = MinSizeRel|x64
		{B8A86B88-93A2-3C46-BDEE-AD3ADECDA5BE}.RelWithDebInfo|x64.ActiveCfg = RelWithDebInfo|x64
		{B8A86B88-93A2-3C46-BDEE-AD3ADECDA5BE}.RelWithDebInfo|x64.Build.0 = RelWithDebInfo|x64
		{E2D090B6-D3E3-3638-93C0-8BAB2588783E}.Debug|x64.ActiveCfg = Debug|x64
		{E2D090B6-D3E3-3638-93C0-8BAB2588783E}.Debug|x64.Build.0 = Debug|x64
		{E2D090B6-D3E3-3638-93C0-8BAB2588783E}.Release|x64.ActiveCfg = Release|x64
		{E2D090B6-D3E3-3638-93C0-8BAB2588783E}.Release|x64.Build.0 = Release|x64
		{E2D090B6-D3E3-3638-93C0-8BAB2588783E}.MinSizeRel|x64.ActiveCfg = MinSizeRel|x64
		{E2D090B6-D3E3-3638-93C0-8BAB2588783E}.MinSizeRel|x64.Build.0 = MinSizeRel|x64
		{E2D090B6-D3E3-3638-93C0-8BAB2588783E}.RelWithDebInfo|x64.ActiveCfg = RelWithDebInfo|x64
		{E2D090B6-D3E3-3638-93C0-8BAB2588783E}.RelWithDebInfo|x64.Build.0 = RelWithDebInfo|x64
		{774AD2C3-D34C-3A1A-9476-70E8C959A888}.Debug|x64.ActiveCfg = Debug|x64
		{774AD2C3-D34C-3A1A-9476-70E8C959A888}.Debug|x64.Build.0 = Debug|x64
		{774AD2C3-D34C-3A1A-9476-70E8C959A888}.Release|x64.ActiveCfg = Release|x64
		{774AD2C3-D34C-3A1A-9476-70E8C959A888}.Release|x64.Build.0 = Release|x64
		{774AD2C3-D34C-3A1A-9476-70E8C959A888}.MinSizeRel|x64.ActiveCfg = MinSizeRel|x64
		{774AD2C3-D34C-3A1A-9476-70E8C959A888}.MinSizeRel|x64.Build.0 = MinSizeRel|x64
		{774AD2C3-D34C-3A1A-9476-70E8C959A888}.RelWithDebInfo|x64.ActiveCfg = RelWithDebInfo|x64
		{774AD2C3-D34C-3A1A-9476-70E8C959A888}.RelWithDebInfo|x64.Build.0 = RelWithDebInfo|x64
		{65456EB8-75A9-3E3E-9B04-041766A1E78F}.Debug|x64.ActiveCfg = Debug|x64
		{65456EB8-75A9-3E3E-9B04-041766A1E78F}.Debug|x64.Build.0 = Debug|x64
		{65456EB8-75A9-3E3E-9B04-041766A1E78F}.Release|x64.ActiveCfg = Release|x64
		{65456EB8-75A9-3E3E-9B04-041766A1E78F}.Release|x64.Build.0 = Release|x64
		{65456EB8-75A9-3E3E-9B04-041766A1E78F}.MinSizeRel|x64.ActiveCfg = MinSizeRel|x64
		{65456EB8-75A9-3E3E-9B04-041766A1E78F}.MinSizeRel|x64.Build.0 = MinSizeRel|x64
		{65456EB8-75A9-3E3E-9B04-041766A1E78F}.RelWithDebInfo|x64.ActiveCfg = RelWithDebInfo|x64
		{65456EB8-75A9-3E3E-9B04-041766A1E78F}.RelWithDebInfo|x64.Build.0 = RelWithDebInfo|x64
		{EE935442-EC7C-351D-A769-2CBB5419D741}.Debug|x64.ActiveCfg = Debug|x64
		{EE935442-EC7C-351D-A769-2CBB5419D741}.Debug|x64.Build.0 = Debug|x64
		{EE935442-EC7C-351D-A769-2CBB5419D741}.Release|x64.ActiveCfg = Release|x64
		{EE935442-EC7C-351D-A769-2CBB5419D741}.Release|x64.Build.0 = Release|x64
		{EE935442-EC7C-351D-A769-2CBB5419D741}.MinSizeRel|x64.ActiveCfg = MinSizeRel|x64
		{EE935442-EC7C-351D-A769-2CBB5419D741}.MinSizeRel|x64.Build.0 = MinSizeRel|x64
		{EE935442-EC7C-351D-A769-2CBB5419D741}.RelWithDebInfo|x64.ActiveCfg = RelWithDebInfo|x64
		{EE935442-EC7C-351D-A769-2CBB5419D741}.RelWithDebInfo|x64.Build.0 = RelWithDebInfo|x64
		{58FD3E95-099B-302C-B257-1651B6E21C2D}.Debug|x64.ActiveCfg = Debug|x64
		{58FD3E95-099B-302C-B257-1651B6E21C2D}.Debug|x64.Build.0 = Debug|x64
		{58FD3E95-099B-302C-B257-1651B6E21C2D}.Release|x64.ActiveCfg = Release|x64
		{58FD3E95-099B-302C-B257-1651B6E21C2D}.Release|x64.Build.0 = Release|x64
		{58FD3E95-099B-302C-B257-1651B6E21C2D}.MinSizeRel|x64.ActiveCfg = MinSizeRel|x64
		{58FD3E95-099B-302C-B257-1651B6E21C2D}.MinSizeRel|x64.Build.0 = MinSizeRel|x64
		{58FD3E95-099B-302C-B257-1651B6E21C2D}.RelWithDebInfo|x64.ActiveCfg = RelWithDebInfo|x64
		{58FD3E95-099B-302C-B257-1651B6E21C2D}.RelWithDebInfo|x64.Build.0 = RelWithDebInfo|x64
		{7E97D04D-3FD4-3093-AB91-E7DF471AA71A}.Debug|x64.ActiveCfg = Debug|x64
		{7E97D04D-3FD4-3093-AB91-E7DF471AA71A}.Debug|x64.Build.0 = Debug|x64
		{7E97D04D-3FD4-3093-AB91-E7DF471AA71A}.Release|x64.ActiveCfg = Release|x64
		{7E97D04D-3FD4-3093-AB91-E7DF471AA71A}.Release|x64.Build.0 = Release|x64
		{7E97D04D-3FD4-3093-AB91-E7DF471AA71A}.MinSizeRel|x64.ActiveCfg = MinSizeRel|x64
		{7E97D04D-3FD4-3093-AB91-E7DF471AA71A}.MinSizeRel|x64.Build.0 = MinSizeRel|x64
		{7E97D04D-3FD4-3093-AB91-E7DF471AA71A}.RelWithDebInfo|x64.ActiveCfg = RelWithDebInfo|x64
		{7E97D04D-3FD4-3093-AB91-E7DF471AA71A}.RelWithDebInfo|x64.Build.0 = RelWithDebInfo|x64
		{DE09CC21-ACFA-32F9-8F11-4FBF16FE3F21}.Debug|x64.ActiveCfg = Debug|x64
		{DE09CC21-ACFA-32F9-8F11-4FBF16FE3F21}.Debug|x64.Build.0 = Debug|x64
		{DE09CC21-ACFA-32F9-8F11-4FBF16FE3F21}.Release|x64.ActiveCfg = Release|x64
		{DE09CC21-ACFA-32F9-8F11-4FBF16FE3F21}.Release|x64.Build.0 = Release|x64
		{DE09CC21-ACFA-32F9-8F11-4FBF16FE3F21}.MinSizeRel|x64.ActiveCfg = MinSizeRel|x64
		{DE09CC21-ACFA-32F9-8F11-4FBF16FE3F21}.MinSizeRel|x64.Build.0 = MinSizeRel|x64
		{DE09CC21-ACFA-32F9-8F11-4FBF16FE3F21}.RelWithDebInfo|x64.ActiveCfg = RelWithDebInfo|x64
		{DE09CC21-ACFA-32F9-8F11-4FBF16FE3F21}.RelWithDebInfo|x64.Build.0 = RelWithDebInfo|x64
		{618EE341-2973-3973-9510-613577D92D8C}.Debug|x64.ActiveCfg = Debug|x64
		{618EE341-2973-3973-9510-613577D92D8C}.Debug|x64.Build.0 = Debug|x64
		{618EE341-2973-3973-9510-613577D92D8C}.Release|x64.ActiveCfg = Release|x64
		{618EE341-2973-3973-9510-613577D92D8C}.Release|x64.Build.0 = Release|x64
		{618EE341-2973-3973-9510-613577D92D8C}.MinSizeRel|x64.ActiveCfg = MinSizeRel|x64
		{618EE341-2973-3973-9510-613577D92D8C}.MinSizeRel|x64.Build.0 = MinSizeRel|x64
		{618EE341-2973-3973-9510-613577D92D8C}.RelWithDebInfo|x64.ActiveCfg = RelWithDebInfo|x64
		{618EE341-2973-3973-9510-613577D92D8C}.RelWithDebInfo|x64.Build.0 = RelWithDebInfo|x64
		{6DDB3718-4C52-3E1D-92EB-124A6E860F18}.Debug|x64.ActiveCfg = Debug|x64
		{6DDB3718-4C52-3E1D-92EB-124A6E860F18}.Debug|x64.Build.0 = Debug|x64
		{6DDB3718-4C52-3E1D-92EB-124A6E860F18}.Release|x64.ActiveCfg = Release|x64
		{6DDB3718-4C52-3E1D-92EB-124A6E860F18}.Release|x64.Build.0 = Release|x64
		{6DDB3718-4C52-3E1D-92EB-124A6E860F18}.MinSizeRel|x64.ActiveCfg = MinSizeRel|x64
		{6DDB3718-4C52-3E1D-92EB-124A6E860F18}.MinSizeRel|x64.Build.0 = MinSizeRel|x64
		{6DDB3718-4C52-3E1D-92EB-124A6E860F18}.RelWithDebInfo|x64.ActiveCfg = RelWithDebInfo|x64
		{6DDB3718-4C52-3E1D-92EB-124A6E860F18}.RelWithDebInfo|x64.Build.0 = RelWithDebInfo|x64
		{3DC48495-EA77-3D39-A02A-E75FF346AF62}.Debug|x64.ActiveCfg = Debug|x64
		{3DC48495-EA77-3D39-A02A-E75FF346AF62}.Debug|x64.Build.0 = Debug|x64
		{3DC48495-EA77-3D39-A02A-E75FF346AF62}.Release|x64.ActiveCfg = Release|x64
		{3DC48495-EA77-3D39-A02A-E75FF346AF62}.Release|x64.Build.0 = Release|x64
		{3DC48495-EA77-3D39-A02A-E75FF346AF62}.MinSizeRel|x64.ActiveCfg = MinSizeRel|x64
		{3DC48495-EA77-3D39-A02A-E75FF346AF62}.MinSizeRel|x64.Build.0 = MinSizeRel|x64
		{3DC48495-EA77-3D39-A02A-E75FF346AF62}.RelWithDebInfo|x64.ActiveCfg = RelWithDebInfo|x64
		{3DC48495-EA77-3D39-A02A-E75FF346AF62}.RelWithDebInfo|x64.Build.0 = RelWithDebInfo|x64
		{78A9F59F-885C-34B2-9DDE-046A824E5D37}.Debug|x64.ActiveCfg = Debug|x64
		{78A9F59F-885C-34B2-9DDE-046A824E5D37}.Debug|x64.Build.0 = Debug|x64
		{78A9F59F-885C-34B2-9DDE-046A824E5D37}.Release|x64.ActiveCfg = Release|x64
		{78A9F59F-885C-34B2-9DDE-046A824E5D37}.Release|x64.Build.0 = Release|x64
		{78A9F59F-885C-34B2-9DDE-046A824E5D37}.MinSizeRel|x64.ActiveCfg = MinSizeRel|x64
		{78A9F59F-885C-34B2-9DDE-046A824E5D37}.MinSizeRel|x64.Build.0 = MinSizeRel|x64
		{78A9F59F-885C-34B2-9DDE-046A824E5D37}.RelWithDebInfo|x64.ActiveCfg = RelWithDebInfo|x64
		{78A9F59F-885C-34B2-9DDE-046A824E5D37}.RelWithDebInfo|x64.Build.0 = RelWithDebInfo|x64
		{BFD69D47-8B1D-353E-9840-F2C1504009C1}.Debug|x64.ActiveCfg = Debug|x64
		{BFD69D47-8B1D-353E-9840-F2C1504009C1}.Debug|x64.Build.0 = Debug|x64
		{BFD69D47-8B1D-353E-9840-F2C1504009C1}.Release|x64.ActiveCfg = Release|x64
		{BFD69D47-8B1D-353E-9840-F2C1504009C1}.Release|x64.Build.0 = Release|x64
		{BFD69D47-8B1D-353E-9840-F2C1504009C1}.MinSizeRel|x64.ActiveCfg = MinSizeRel|x64
		{BFD69D47-8B1D-353E-9840-F2C1504009C1}.MinSizeRel|x64.Build.0 = MinSizeRel|x64
		{BFD69D47-8B1D-353E-9840-F2C1504009C1}.RelWithDebInfo|x64.ActiveCfg = RelWithDebInfo|x64
		{BFD69D47-8B1D-353E-9840-F2C1504009C1}.RelWithDebInfo|x64.Build.0 = RelWithDebInfo|x64
		{C220D08A-BBA7-3AF9-870F-C4997CAB0AD6}.Debug|x64.ActiveCfg = Debug|x64
		{C220D08A-BBA7-3AF9-870F-C4997CAB0AD6}.Debug|x64.Build.0 = Debug|x64
		{C220D08A-BBA7-3AF9-870F-C4997CAB0AD6}.Release|x64.ActiveCfg = Release|x64
		{C220D08A-BBA7-3AF9-870F-C4997CAB0AD6}.Release|x64.Build.0 = Release|x64
		{C220D08A-BBA7-3AF9-870F-C4997CAB0AD6}.MinSizeRel|x64.ActiveCfg = MinSizeRel|x64
		{C220D08A-BBA7-3AF9-870F-C4997CAB0AD6}.MinSizeRel|x64.Build.0 = MinSizeRel|x64
		{C220D08A-BBA7-3AF9-870F-C4997CAB0AD6}.RelWithDebInfo|x64.ActiveCfg = RelWithDebInfo|x64
		{C220D08A-BBA7-3AF9-870F-C4997CAB0AD6}.RelWithDebInfo|x64.Build.0 = RelWithDebInfo|x64
		{26BE5484-21EB-33D4-81BB-2AC6C9495F90}.Debug|x64.ActiveCfg = Debug|x64
		{26BE5484-21EB-33D4-81BB-2AC6C9495F90}.Debug|x64.Build.0 = Debug|x64
		{26BE5484-21EB-33D4-81BB-2AC6C9495F90}.Release|x64.ActiveCfg = Release|x64
		{26BE5484-21EB-33D4-81BB-2AC6C9495F90}.Release|x64.Build.0 = Release|x64
		{26BE5484-21EB-33D4-81BB-2AC6C9495F90}.MinSizeRel|x64.ActiveCfg = MinSizeRel|x64
		{26BE5484-21EB-33D4-81BB-2AC6C9495F90}.MinSizeRel|x64.Build.0 = MinSizeRel|x64
		{26BE5484-21EB-33D4-81BB-2AC6C9495F90}.RelWithDebInfo|x64.ActiveCfg = RelWithDebInfo|x64
		{26BE5484-21EB-33D4-81BB-2AC6C9495F90}.RelWithDebInfo|x64.Build.0 = RelWithDebInfo|x64
		{FF0AD3C4-DB35-3AA4-B71F-F8D020B941F3}.Debug|x64.ActiveCfg = Debug|x64
		{FF0AD3C4-DB35-3AA4-B71F-F8D020B941F3}.Debug|x64.Build.0 = Debug|x64
		{FF0AD3C4-DB35-3AA4-B71F-F8D020B941F3}.Release|x64.ActiveCfg = Release|x64
		{FF0AD3C4-DB35-3AA4-B71F-F8D020B941F3}.Release|x64.Build.0 = Release|x64
		{FF0AD3C4-DB35-3AA4-B71F-F8D020B941F3}.MinSizeRel|x64.ActiveCfg = MinSizeRel|x64
		{FF0AD3C4-DB35-3AA4-B71F-F8D020B941F3}.MinSizeRel|x64.Build.0 = MinSizeRel|x64
		{FF0AD3C4-DB35-3AA4-B71F-F8D020B941F3}.RelWithDebInfo|x64.ActiveCfg = RelWithDebInfo|x64
		{FF0AD3C4-DB35-3AA4-B71F-F8D020B941F3}.RelWithDebInfo|x64.Build.0 = RelWithDebInfo|x64
		{C75E2EB1-FD2E-38B7-917E-75F5E71E80A2}.Debug|x64.ActiveCfg = Debug|x64
		{C75E2EB1-FD2E-38B7-917E-75F5E71E80A2}.Debug|x64.Build.0 = Debug|x64
		{C75E2EB1-FD2E-38B7-917E-75F5E71E80A2}.Release|x64.ActiveCfg = Release|x64
		{C75E2EB1-FD2E-38B7-917E-75F5E71E80A2}.Release|x64.Build.0 = Release|x64
		{C75E2EB1-FD2E-38B7-917E-75F5E71E80A2}.MinSizeRel|x64.ActiveCfg = MinSizeRel|x64
		{C75E2EB1-FD2E-38B7-917E-75F5E71E80A2}.MinSizeRel|x64.Build.0 = MinSizeRel|x64
		{C75E2EB1-FD2E-38B7-917E-75F5E71E80A2}.RelWithDebInfo|x64.ActiveCfg = RelWithDebInfo|x64
		{C75E2EB1-FD2E-38B7-917E-75F5E71E80A2}.RelWithDebInfo|x64.Build.0 = RelWithDebInfo|x64
		{9F273E38-6AA4-3EA3-8098-E3B2C97B409E}.Debug|x64.ActiveCfg = Debug|x64
		{9F273E38-6AA4-3EA3-8098-E3B2C97B409E}.Debug|x64.Build.0 = Debug|x64
		{9F273E38-6AA4-3EA3-8098-E3B2C97B409E}.Release|x64.ActiveCfg = Release|x64
		{9F273E38-6AA4-3EA3-8098-E3B2C97B409E}.Release|x64.Build.0 = Release|x64
		{9F273E38-6AA4-3EA3-8098-E3B2C97B409E}.MinSizeRel|x64.ActiveCfg = MinSizeRel|x64
		{9F273E38-6AA4-3EA3-8098-E3B2C97B409E}.MinSizeRel|x64.Build.0 = MinSizeRel|x64
		{9F273E38-6AA4-3EA3-8098-E3B2C97B409E}.RelWithDebInfo|x64.ActiveCfg = RelWithDebInfo|x64
		{9F273E38-6AA4-3EA3-8098-E3B2C97B409E}.RelWithDebInfo|x64.Build.0 = RelWithDebInfo|x64
		{807EE7C2-0BE0-34B6-932D-C37F41D299F7}.Debug|x64.ActiveCfg = Debug|x64
		{807EE7C2-0BE0-34B6-932D-C37F41D299F7}.Release|x64.ActiveCfg = Release|x64
		{807EE7C2-0BE0-34B6-932D-C37F41D299F7}.MinSizeRel|x64.ActiveCfg = MinSizeRel|x64
		{807EE7C2-0BE0-34B6-932D-C37F41D299F7}.RelWithDebInfo|x64.ActiveCfg = RelWithDebInfo|x64
		{A7AA5D63-0249-3295-8B2D-9698E47CEB63}.Debug|x64.ActiveCfg = Debug|x64
		{A7AA5D63-0249-3295-8B2D-9698E47CEB63}.Release|x64.ActiveCfg = Release|x64
		{A7AA5D63-0249-3295-8B2D-9698E47CEB63}.MinSizeRel|x64.ActiveCfg = MinSizeRel|x64
		{A7AA5D63-0249-3295-8B2D-9698E47CEB63}.RelWithDebInfo|x64.ActiveCfg = RelWithDebInfo|x64
		{DE510117-5674-3085-AC5C-37C024E1373A}.Debug|x64.ActiveCfg = Debug|x64
		{DE510117-5674-3085-AC5C-37C024E1373A}.Debug|x64.Build.0 = Debug|x64
		{DE510117-5674-3085-AC5C-37C024E1373A}.Release|x64.ActiveCfg = Release|x64
		{DE510117-5674-3085-AC5C-37C024E1373A}.Release|x64.Build.0 = Release|x64
		{DE510117-5674-3085-AC5C-37C024E1373A}.MinSizeRel|x64.ActiveCfg = MinSizeRel|x64
		{DE510117-5674-3085-AC5C-37C024E1373A}.MinSizeRel|x64.Build.0 = MinSizeRel|x64
		{DE510117-5674-3085-AC5C-37C024E1373A}.RelWithDebInfo|x64.ActiveCfg = RelWithDebInfo|x64
		{DE510117-5674-3085-AC5C-37C024E1373A}.RelWithDebInfo|x64.Build.0 = RelWithDebInfo|x64
		{F758EEE5-48BD-34A4-ABCF-509B0DEC9DAE}.Debug|x64.ActiveCfg = Debug|x64
		{F758EEE5-48BD-34A4-ABCF-509B0DEC9DAE}.Debug|x64.Build.0 = Debug|x64
		{F758EEE5-48BD-34A4-ABCF-509B0DEC9DAE}.Release|x64.ActiveCfg = Release|x64
		{F758EEE5-48BD-34A4-ABCF-509B0DEC9DAE}.Release|x64.Build.0 = Release|x64
		{F758EEE5-48BD-34A4-ABCF-509B0DEC9DAE}.MinSizeRel|x64.ActiveCfg = MinSizeRel|x64
		{F758EEE5-48BD-34A4-ABCF-509B0DEC9DAE}.MinSizeRel|x64.Build.0 = MinSizeRel|x64
		{F758EEE5-48BD-34A4-ABCF-509B0DEC9DAE}.RelWithDebInfo|x64.ActiveCfg = RelWithDebInfo|x64
		{F758EEE5-48BD-34A4-ABCF-509B0DEC9DAE}.RelWithDebInfo|x64.Build.0 = RelWithDebInfo|x64
	EndGlobalSection
	GlobalSection(NestedProjects) = preSolution
		{6EDD1B37-441D-3CD7-B738-EB144485FCCE} = {7C330E07-1DC7-3EA2-BA23-6C2D5F0CC0A0}
		{D4E3FD00-331E-3889-99A8-4030E1B719F5} = {7C330E07-1DC7-3EA2-BA23-6C2D5F0CC0A0}
		{D6D76A2D-C7DB-31CD-900C-95B249C71758} = {7C330E07-1DC7-3EA2-BA23-6C2D5F0CC0A0}
		{A4744E1E-556C-3FDC-86F8-FD587D6800C7} = {DF6FFC01-8FF2-3727-A856-95CFA184F6F1}
		{CC11B07E-CFA6-35E7-80EA-D86E5825C96D} = {DF6FFC01-8FF2-3727-A856-95CFA184F6F1}
		{4762D52F-806E-328D-9E7A-8BA4AEFE2538} = {DF6FFC01-8FF2-3727-A856-95CFA184F6F1}
		{807EE7C2-0BE0-34B6-932D-C37F41D299F7} = {DF6FFC01-8FF2-3727-A856-95CFA184F6F1}
		{A7AA5D63-0249-3295-8B2D-9698E47CEB63} = {DF6FFC01-8FF2-3727-A856-95CFA184F6F1}
		{4D83FD5F-1B18-32B2-A163-45BA0019A69A} = {A4744E1E-556C-3FDC-86F8-FD587D6800C7}
		{309AC13B-2789-397C-8117-7ED7E63EF51A} = {A4744E1E-556C-3FDC-86F8-FD587D6800C7}
		{AE1C7DCD-6DA4-3867-8CD2-E1BB5B74E608} = {A4744E1E-556C-3FDC-86F8-FD587D6800C7}
		{7E97D04D-3FD4-3093-AB91-E7DF471AA71A} = {A4744E1E-556C-3FDC-86F8-FD587D6800C7}
		{618EE341-2973-3973-9510-613577D92D8C} = {A4744E1E-556C-3FDC-86F8-FD587D6800C7}
		{3DC48495-EA77-3D39-A02A-E75FF346AF62} = {A4744E1E-556C-3FDC-86F8-FD587D6800C7}
		{78A9F59F-885C-34B2-9DDE-046A824E5D37} = {A4744E1E-556C-3FDC-86F8-FD587D6800C7}
		{BFD69D47-8B1D-353E-9840-F2C1504009C1} = {A4744E1E-556C-3FDC-86F8-FD587D6800C7}
		{DE510117-5674-3085-AC5C-37C024E1373A} = {A4744E1E-556C-3FDC-86F8-FD587D6800C7}
		{2D495BCE-F4F2-3BD8-9EB9-53ED358D2B4C} = {CC11B07E-CFA6-35E7-80EA-D86E5825C96D}
		{D4407167-89CC-3CEF-A7F0-2AFD2C40B355} = {CC11B07E-CFA6-35E7-80EA-D86E5825C96D}
		{0F9E93F4-D23E-36A0-B8D1-9B1C185616FC} = {CC11B07E-CFA6-35E7-80EA-D86E5825C96D}
		{C826EC03-065F-3E34-B9A8-BBCDCBEEB00C} = {CC11B07E-CFA6-35E7-80EA-D86E5825C96D}
		{EF711BC7-CF86-3680-A16B-CD9C9F657B76} = {CC11B07E-CFA6-35E7-80EA-D86E5825C96D}
		{9DE64C3D-61AB-3C99-A9D4-0908E242D645} = {CC11B07E-CFA6-35E7-80EA-D86E5825C96D}
		{B8A86B88-93A2-3C46-BDEE-AD3ADECDA5BE} = {CC11B07E-CFA6-35E7-80EA-D86E5825C96D}
		{E2D090B6-D3E3-3638-93C0-8BAB2588783E} = {CC11B07E-CFA6-35E7-80EA-D86E5825C96D}
		{774AD2C3-D34C-3A1A-9476-70E8C959A888} = {CC11B07E-CFA6-35E7-80EA-D86E5825C96D}
		{65456EB8-75A9-3E3E-9B04-041766A1E78F} = {CC11B07E-CFA6-35E7-80EA-D86E5825C96D}
		{EE935442-EC7C-351D-A769-2CBB5419D741} = {CC11B07E-CFA6-35E7-80EA-D86E5825C96D}
		{58FD3E95-099B-302C-B257-1651B6E21C2D} = {CC11B07E-CFA6-35E7-80EA-D86E5825C96D}
		{DE09CC21-ACFA-32F9-8F11-4FBF16FE3F21} = {CC11B07E-CFA6-35E7-80EA-D86E5825C96D}
		{6DDB3718-4C52-3E1D-92EB-124A6E860F18} = {CC11B07E-CFA6-35E7-80EA-D86E5825C96D}
		{C220D08A-BBA7-3AF9-870F-C4997CAB0AD6} = {CC11B07E-CFA6-35E7-80EA-D86E5825C96D}
		{26BE5484-21EB-33D4-81BB-2AC6C9495F90} = {CC11B07E-CFA6-35E7-80EA-D86E5825C96D}
		{FF0AD3C4-DB35-3AA4-B71F-F8D020B941F3} = {CC11B07E-CFA6-35E7-80EA-D86E5825C96D}
		{C75E2EB1-FD2E-38B7-917E-75F5E71E80A2} = {CC11B07E-CFA6-35E7-80EA-D86E5825C96D}
		{9F273E38-6AA4-3EA3-8098-E3B2C97B409E} = {CC11B07E-CFA6-35E7-80EA-D86E5825C96D}
		{F758EEE5-48BD-34A4-ABCF-509B0DEC9DAE} = {CC11B07E-CFA6-35E7-80EA-D86E5825C96D}
	EndGlobalSection
	GlobalSection(ExtensibilityGlobals) = postSolution
		SolutionGuid = {DF89981B-EFFE-31BA-8110-60AD79AFC9D0}
	EndGlobalSection
	GlobalSection(ExtensibilityAddIns) = postSolution
	EndGlobalSection
EndGlobal
