<?xml version="1.0" encoding="utf-8"?>
<Project ToolsVersion="17.0" xmlns="http://schemas.microsoft.com/developer/msbuild/2003">
  <ItemGroup>
    <CustomBuild Include="D:\Computer Science\University\S6\COMP-3520 Intro to Computer Graphics\Assignment\A1\Assignment_1\CMakeFiles\227d4b84cadbf0d8be0ca809bf43bb68\uninstall.rule">
      <Filter>CMake Rules</Filter>
    </CustomBuild>
    <CustomBuild Include="C:\glfw-3.3.6\glfw-3.3.6\CMakeLists.txt" />
  </ItemGroup>
  <ItemGroup>
    <None Include="D:\Computer Science\University\S6\COMP-3520 Intro to Computer Graphics\Assignment\A1\Assignment_1\CMakeFiles\uninstall" />
  </ItemGroup>
  <ItemGroup>
    <Filter Include="CMake Rules">
      <UniqueIdentifier>{9D34C5EE-D4F4-3480-AC77-9C1F1F2EA563}</UniqueIdentifier>
    </Filter>
  </ItemGroup>
</Project>
